<?xml version="1.0" encoding="utf-8"?>
<Project ToolsVersion="4.0" xmlns="http://schemas.microsoft.com/developer/msbuild/2003">
  <ItemGroup>
    <Filter Include="Source Files">
      <UniqueIdentifier>{4FC737F1-C7A5-4376-A066-2A32D752A2FF}</UniqueIdentifier>
      <Extensions>cpp;c;cc;cxx;c++;cppm;ixx;def;odl;idl;hpj;bat;asm;asmx</Extensions>
    </Filter>
    <Filter Include="Header Files">
      <UniqueIdentifier>{93995380-89BD-4b04-88EB-625FBE52EBFB}</UniqueIdentifier>
      <Extensions>h;hh;hpp;hxx;h++;hm;inl;inc;ipp;xsd</Extensions>
    </Filter>
    <Filter Include="Resource Files">
      <UniqueIdentifier>{67DA6AB6-F800-4c08-8B7A-83BB121AAD01}</UniqueIdentifier>
      <Extensions>rc;ico;cur;bmp;dlg;rc2;rct;bin;rgs;gif;jpg;jpeg;jpe;resx;tiff;tif;png;wav;mfcribbon-ms</Extensions>
    </Filter>
    <Filter Include="Source Files\Blank_Project">
      <UniqueIdentifier>{b1f376f9-874f-412d-b3f9-1e402f175473}</UniqueIdentifier>
    </Filter>
    <Filter Include="Source Files\Plain_Old_Data_And_Functions">
      <UniqueIdentifier>{35580e79-1ec5-4c23-884a-7380c4b55582}</UniqueIdentifier>
    </Filter>
    <Filter Include="Source Files\Branching_And_Loops">
      <UniqueIdentifier>{7ad6abe8-ac59-458c-8e60-14a6a7f528aa}</UniqueIdentifier>
    </Filter>
    <Filter Include="Source Files\Arrays_Classes_And_OOP">
      <UniqueIdentifier>{64b120cb-458f-483d-98c4-9fd577268cdc}</UniqueIdentifier>
    </Filter>
  </ItemGroup>
  <ItemGroup>
    <ClCompile Include="Blank_Project.cpp">
      <Filter>Source Files\Blank_Project</Filter>
    </ClCompile>
  </ItemGroup>
</Project>