
Microsoft Visual Studio Solution File, Format Version 12.00
# Visual Studio Version 16
VisualStudioVersion = 16.0.32630.194
MinimumVisualStudioVersion = 10.0.40219.1
Project("{8BC9CEB8-8B4A-11D0-8D11-00A0C91BC942}") = "Plain_Old_Data_And_Functions_Challenge_1", "Plain_Old_Data_And_Functions_Challenge_1\Plain_Old_Data_And_Functions_Challenge_1.vcxproj", "{BED299E1-A502-417F-9D08-00EC63C8BB6A}"
EndProject
Project("{8BC9CEB8-8B4A-11D0-8D11-00A0C91BC942}") = "Plain_Old_Data_And_Functions_Challenge_2", "Plain_Old_Data_And_Functions_Challenge_2\Plain_Old_Data_And_Functions_Challenge_2.vcxproj", "{770907DB-7A5B-4FC4-A082-7714122EEC9E}"
EndProject
Project("{8BC9CEB8-8B4A-11D0-8D11-00A0C91BC942}") = "Branching_And_Loops_Challenge_1", "Branching_And_Loops_Challenge_1\Branching_And_Loops_Challenge_1.vcxproj", "{D47DB8BA-D5C2-4B17-A000-307F38D54AAB}"
EndProject
Project("{8BC9CEB8-8B4A-11D0-8D11-00A0C91BC942}") = "Branching_And_Loops_Challenge_2", "Branching_And_Loops_Challenge_2\Branching_And_Loops_Challenge_2.vcxproj", "{59ED841D-7A3B-4069-8CE8-EEE3A3FBF0F5}"
EndProject
Project("{8BC9CEB8-8B4A-11D0-8D11-00A0C91BC942}") = "Arrays_Classes_And_OOP_Challenge_1", "Arrays_Classes_And_OOP_Challenge_1\Arrays_Classes_And_OOP_Challenge_1.vcxproj", "{3996898A-FCA7-40FF-8A94-2B01755D0FA4}"
EndProject
Project("{8BC9CEB8-8B4A-11D0-8D11-00A0C91BC942}") = "Blank_Project", "Blank_Project\Blank_Project.vcxproj", "{B44FD4B6-BEBE-4B1C-9FFC-F18CF23ABC46}"
EndProject
Project("{8BC9CEB8-8B4A-11D0-8D11-00A0C91BC942}") = "Arrays_Classes_And_OOP_Challenge_2", "Arrays_Classes_And_OOP_Challenge_2\Arrays_Classes_And_OOP_Challenge_2.vcxproj", "{28B2C520-9C0C-4C7B-8784-00D7E2F7AC40}"
EndProject
Project("{8BC9CEB8-8B4A-11D0-8D11-00A0C91BC942}") = "Arrays_Classes_And_OOP_Challenge_3", "Arrays_Classes_And_OOP_Challenge_3\Arrays_Classes_And_OOP_Challenge_3.vcxproj", "{583BDF02-AE54-4252-A159-9314B82E432C}"
EndProject
Global
	GlobalSection(SolutionConfigurationPlatforms) = preSolution
		Debug|x64 = Debug|x64
		Debug|x86 = Debug|x86
		Release|x64 = Release|x64
		Release|x86 = Release|x86
	EndGlobalSection
	GlobalSection(ProjectConfigurationPlatforms) = postSolution
		{BED299E1-A502-417F-9D08-00EC63C8BB6A}.Debug|x64.ActiveCfg = Debug|x64
		{BED299E1-A502-417F-9D08-00EC63C8BB6A}.Debug|x64.Build.0 = Debug|x64
		{BED299E1-A502-417F-9D08-00EC63C8BB6A}.Debug|x86.ActiveCfg = Debug|Win32
		{BED299E1-A502-417F-9D08-00EC63C8BB6A}.Debug|x86.Build.0 = Debug|Win32
		{BED299E1-A502-417F-9D08-00EC63C8BB6A}.Release|x64.ActiveCfg = Release|x64
		{BED299E1-A502-417F-9D08-00EC63C8BB6A}.Release|x64.Build.0 = Release|x64
		{BED299E1-A502-417F-9D08-00EC63C8BB6A}.Release|x86.ActiveCfg = Release|Win32
		{BED299E1-A502-417F-9D08-00EC63C8BB6A}.Release|x86.Build.0 = Release|Win32
		{770907DB-7A5B-4FC4-A082-7714122EEC9E}.Debug|x64.ActiveCfg = Debug|x64
		{770907DB-7A5B-4FC4-A082-7714122EEC9E}.Debug|x64.Build.0 = Debug|x64
		{770907DB-7A5B-4FC4-A082-7714122EEC9E}.Debug|x86.ActiveCfg = Debug|Win32
		{770907DB-7A5B-4FC4-A082-7714122EEC9E}.Debug|x86.Build.0 = Debug|Win32
		{770907DB-7A5B-4FC4-A082-7714122EEC9E}.Release|x64.ActiveCfg = Release|x64
		{770907DB-7A5B-4FC4-A082-7714122EEC9E}.Release|x64.Build.0 = Release|x64
		{770907DB-7A5B-4FC4-A082-7714122EEC9E}.Release|x86.ActiveCfg = Release|Win32
		{770907DB-7A5B-4FC4-A082-7714122EEC9E}.Release|x86.Build.0 = Release|Win32
		{D47DB8BA-D5C2-4B17-A000-307F38D54AAB}.Debug|x64.ActiveCfg = Debug|x64
		{D47DB8BA-D5C2-4B17-A000-307F38D54AAB}.Debug|x64.Build.0 = Debug|x64
		{D47DB8BA-D5C2-4B17-A000-307F38D54AAB}.Debug|x86.ActiveCfg = Debug|Win32
		{D47DB8BA-D5C2-4B17-A000-307F38D54AAB}.Debug|x86.Build.0 = Debug|Win32
		{D47DB8BA-D5C2-4B17-A000-307F38D54AAB}.Release|x64.ActiveCfg = Release|x64
		{D47DB8BA-D5C2-4B17-A000-307F38D54AAB}.Release|x64.Build.0 = Release|x64
		{D47DB8BA-D5C2-4B17-A000-307F38D54AAB}.Release|x86.ActiveCfg = Release|Win32
		{D47DB8BA-D5C2-4B17-A000-307F38D54AAB}.Release|x86.Build.0 = Release|Win32
		{59ED841D-7A3B-4069-8CE8-EEE3A3FBF0F5}.Debug|x64.ActiveCfg = Debug|x64
		{59ED841D-7A3B-4069-8CE8-EEE3A3FBF0F5}.Debug|x64.Build.0 = Debug|x64
		{59ED841D-7A3B-4069-8CE8-EEE3A3FBF0F5}.Debug|x86.ActiveCfg = Debug|Win32
		{59ED841D-7A3B-4069-8CE8-EEE3A3FBF0F5}.Debug|x86.Build.0 = Debug|Win32
		{59ED841D-7A3B-4069-8CE8-EEE3A3FBF0F5}.Release|x64.ActiveCfg = Release|x64
		{59ED841D-7A3B-4069-8CE8-EEE3A3FBF0F5}.Release|x64.Build.0 = Release|x64
		{59ED841D-7A3B-4069-8CE8-EEE3A3FBF0F5}.Release|x86.ActiveCfg = Release|Win32
		{59ED841D-7A3B-4069-8CE8-EEE3A3FBF0F5}.Release|x86.Build.0 = Release|Win32
		{3996898A-FCA7-40FF-8A94-2B01755D0FA4}.Debug|x64.ActiveCfg = Debug|x64
		{3996898A-FCA7-40FF-8A94-2B01755D0FA4}.Debug|x64.Build.0 = Debug|x64
		{3996898A-FCA7-40FF-8A94-2B01755D0FA4}.Debug|x86.ActiveCfg = Debug|Win32
		{3996898A-FCA7-40FF-8A94-2B01755D0FA4}.Debug|x86.Build.0 = Debug|Win32
		{3996898A-FCA7-40FF-8A94-2B01755D0FA4}.Release|x64.ActiveCfg = Release|x64
		{3996898A-FCA7-40FF-8A94-2B01755D0FA4}.Release|x64.Build.0 = Release|x64
		{3996898A-FCA7-40FF-8A94-2B01755D0FA4}.Release|x86.ActiveCfg = Release|Win32
		{3996898A-FCA7-40FF-8A94-2B01755D0FA4}.Release|x86.Build.0 = Release|Win32
		{B44FD4B6-BEBE-4B1C-9FFC-F18CF23ABC46}.Debug|x64.ActiveCfg = Debug|x64
		{B44FD4B6-BEBE-4B1C-9FFC-F18CF23ABC46}.Debug|x64.Build.0 = Debug|x64
		{B44FD4B6-BEBE-4B1C-9FFC-F18CF23ABC46}.Debug|x86.ActiveCfg = Debug|Win32
		{B44FD4B6-BEBE-4B1C-9FFC-F18CF23ABC46}.Debug|x86.Build.0 = Debug|Win32
		{B44FD4B6-BEBE-4B1C-9FFC-F18CF23ABC46}.Release|x64.ActiveCfg = Release|x64
		{B44FD4B6-BEBE-4B1C-9FFC-F18CF23ABC46}.Release|x64.Build.0 = Release|x64
		{B44FD4B6-BEBE-4B1C-9FFC-F18CF23ABC46}.Release|x86.ActiveCfg = Release|Win32
		{B44FD4B6-BEBE-4B1C-9FFC-F18CF23ABC46}.Release|x86.Build.0 = Release|Win32
		{28B2C520-9C0C-4C7B-8784-00D7E2F7AC40}.Debug|x64.ActiveCfg = Debug|x64
		{28B2C520-9C0C-4C7B-8784-00D7E2F7AC40}.Debug|x64.Build.0 = Debug|x64
		{28B2C520-9C0C-4C7B-8784-00D7E2F7AC40}.Debug|x86.ActiveCfg = Debug|Win32
		{28B2C520-9C0C-4C7B-8784-00D7E2F7AC40}.Debug|x86.Build.0 = Debug|Win32
		{28B2C520-9C0C-4C7B-8784-00D7E2F7AC40}.Release|x64.ActiveCfg = Release|x64
		{28B2C520-9C0C-4C7B-8784-00D7E2F7AC40}.Release|x64.Build.0 = Release|x64
		{28B2C520-9C0C-4C7B-8784-00D7E2F7AC40}.Release|x86.ActiveCfg = Release|Win32
		{28B2C520-9C0C-4C7B-8784-00D7E2F7AC40}.Release|x86.Build.0 = Release|Win32
		{583BDF02-AE54-4252-A159-9314B82E432C}.Debug|x64.ActiveCfg = Debug|x64
		{583BDF02-AE54-4252-A159-9314B82E432C}.Debug|x64.Build.0 = Debug|x64
		{583BDF02-AE54-4252-A159-9314B82E432C}.Debug|x86.ActiveCfg = Debug|Win32
		{583BDF02-AE54-4252-A159-9314B82E432C}.Debug|x86.Build.0 = Debug|Win32
		{583BDF02-AE54-4252-A159-9314B82E432C}.Release|x64.ActiveCfg = Release|x64
		{583BDF02-AE54-4252-A159-9314B82E432C}.Release|x64.Build.0 = Release|x64
		{583BDF02-AE54-4252-A159-9314B82E432C}.Release|x86.ActiveCfg = Release|Win32
		{583BDF02-AE54-4252-A159-9314B82E432C}.Release|x86.Build.0 = Release|Win32
	EndGlobalSection
	GlobalSection(SolutionProperties) = preSolution
		HideSolutionNode = FALSE
	EndGlobalSection
	GlobalSection(ExtensibilityGlobals) = postSolution
		SolutionGuid = {A1AA9A7C-BAE3-4753-8AAC-C0087C23D8A5}
	EndGlobalSection
EndGlobal
