
Microsoft Visual Studio Solution File, Format Version 12.00
# Visual Studio Version 16
VisualStudioVersion = 16.0.32630.194
MinimumVisualStudioVersion = 10.0.40219.1
Project("{8BC9CEB8-8B4A-11D0-8D11-00A0C91BC942}") = "Plain_Old_Data_And_Functions_Challenge_1", "Plain_Old_Data_And_Functions_Challenge_1\Plain_Old_Data_And_Functions_Challenge_1.vcxproj", "{BED299E1-A502-417F-9D08-00EC63C8BB6A}"
EndProject
Project("{8BC9CEB8-8B4A-11D0-8D11-00A0C91BC942}") = "Plain_Old_Data_And_Functions_Challenge_2", "Plain_Old_Data_And_Functions_Challenge_2\Plain_Old_Data_And_Functions_Challenge_2.vcxproj", "{770907DB-7A5B-4FC4-A082-7714122EEC9E}"
EndProject
Project("{8BC9CEB8-8B4A-11D0-8D11-00A0C91BC942}") = "Branching_And_Loops_Challenge_1", "Branching_And_Loops_Challenge_1\Branching_And_Loops_Challenge_1.vcxproj", "{D47DB8BA-D5C2-4B17-A000-307F38D54AAB}"
EndProject
Project("{8BC9CEB8-8B4A-11D0-8D11-00A0C91BC942}") = "Branching_And_Loops_Challenge_2", "Branching_And_Loops_Challenge_2\Branching_And_Loops_Challenge_2.vcxproj", "{59ED841D-7A3B-4069-8CE8-EEE3A3FBF0F5}"
EndProject
Project("{8BC9CEB8-8B4A-11D0-8D11-00A0C91BC942}") = "Arrays_Classes_And_OOP_Challenge_1", "Arrays_Classes_And_OOP_Challenge_1\Arrays_Classes_And_OOP_Challenge_1.vcxproj", "{3996898A-FCA7-40FF-8A94-2B01755D0FA4}"
EndProject
Project("{8BC9CEB8-8B4A-11D0-8D11-00A0C91BC942}") = "Blank_Project", "Blank_Project\Blank_Project.vcxproj", "{B44FD4B6-BEBE-4B1C-9FFC-F18CF23ABC46}"
EndProject
Project("{8BC9CEB8-8B4A-11D0-8D11-00A0C91BC942}") = "Arrays_Classes_And_OOP_Challenge_2", "Arrays_Classes_And_OOP_Challenge_2\Arrays_Classes_And_OOP_Challenge_2.vcxproj", "{28B2C520-9C0C-4C7B-8784-00D7E2F7AC40}"
EndProject
Project("{8BC9CEB8-8B4A-11D0-8D11-00A0C91BC942}") = "Arrays_Classes_And_OOP_Challenge_3", "Arrays_Classes_And_OOP_Challenge_3\Arrays_Classes_And_OOP_Challenge_3.vcxproj", "{583BDF02-AE54-4252-A159-9314B82E432C}"
EndProject
Project("{8BC9CEB8-8B4A-11D0-8D11-00A0C91BC942}") = "Pointers_References_And_Dynamic_Memory_Challenge_1", "Pointers_References_And_Dynamic_Memory_Challenge_1\Pointers_References_And_Dynamic_Memory_Challenge_1.vcxproj", "{6554CE58-6F91-4315-8B98-933344F6724D}"
EndProject
Project("{2150E333-8FDC-42A3-9474-1A3956D46DE8}") = "Maze_Game", "Maze_Game", "{7CF9ACE8-8983-4991-88A5-61A933FA822E}"
EndProject
Project("{8BC9CEB8-8B4A-11D0-8D11-00A0C91BC942}") = "MazeGame_Project", "MazeGame_Project\Project.vcxproj", "{0FFFA89B-A565-41BF-BB48-907F6CE4CE76}"
EndProject
Project("{8BC9CEB8-8B4A-11D0-8D11-00A0C91BC942}") = "MazeGame_LevelEditor", "MazeGame_LevelEditor\LevelEditor.vcxproj", "{810D8667-C0DA-4A92-9697-22A43FED4D05}"
EndProject
Project("{8BC9CEB8-8B4A-11D0-8D11-00A0C91BC942}") = "Algorithms_Challenge_1", "Algorithms_Challenge_1\Algorithms_Challenge_1.vcxproj", "{D4E0A9F1-DE1B-4CAA-BBC2-089AEAB970E6}"
EndProject
Project("{8BC9CEB8-8B4A-11D0-8D11-00A0C91BC942}") = "Algorithms_Challenge_2_And_3", "Algorithms_Challenge_2_And_3\Algorithms_Challenge_2_And_3.vcxproj", "{2280C343-50F9-4860-ACEC-4F2C9BD3230E}"
EndProject
Project("{8BC9CEB8-8B4A-11D0-8D11-00A0C91BC942}") = "Multithreading_Challenge_1", "Multithreading_Challenge_1\Multithreading_Challenge_1.vcxproj", "{3DDAA274-AA16-4F8F-9988-CC56E0083414}"
EndProject
Project("{8BC9CEB8-8B4A-11D0-8D11-00A0C91BC942}") = "Networking_Challenge_1_Server", "Networking_Challenge_1_Server\Networking_Challenge_1_Server.vcxproj", "{7DD527B7-13AB-4AEB-9ACB-B9C60286054B}"
EndProject
Project("{8BC9CEB8-8B4A-11D0-8D11-00A0C91BC942}") = "Networking_Challenge_1_Client", "Networking_Challenge_1_Client\Networking_Challenge_1_Client.vcxproj", "{BFCB1747-3C7B-4F71-9741-75AA4E1E904C}"
EndProject
Project("{2150E333-8FDC-42A3-9474-1A3956D46DE8}") = "Networking", "Networking", "{6C737662-DE97-479A-ABB4-A629EA4C44BB}"
EndProject
Global
	GlobalSection(SolutionConfigurationPlatforms) = preSolution
		Debug|x64 = Debug|x64
		Debug|x86 = Debug|x86
		Release|x64 = Release|x64
		Release|x86 = Release|x86
	EndGlobalSection
	GlobalSection(ProjectConfigurationPlatforms) = postSolution
		{BED299E1-A502-417F-9D08-00EC63C8BB6A}.Debug|x64.ActiveCfg = Debug|x64
		{BED299E1-A502-417F-9D08-00EC63C8BB6A}.Debug|x64.Build.0 = Debug|x64
		{BED299E1-A502-417F-9D08-00EC63C8BB6A}.Debug|x86.ActiveCfg = Debug|Win32
		{BED299E1-A502-417F-9D08-00EC63C8BB6A}.Debug|x86.Build.0 = Debug|Win32
		{BED299E1-A502-417F-9D08-00EC63C8BB6A}.Release|x64.ActiveCfg = Release|x64
		{BED299E1-A502-417F-9D08-00EC63C8BB6A}.Release|x64.Build.0 = Release|x64
		{BED299E1-A502-417F-9D08-00EC63C8BB6A}.Release|x86.ActiveCfg = Release|Win32
		{BED299E1-A502-417F-9D08-00EC63C8BB6A}.Release|x86.Build.0 = Release|Win32
		{770907DB-7A5B-4FC4-A082-7714122EEC9E}.Debug|x64.ActiveCfg = Debug|x64
		{770907DB-7A5B-4FC4-A082-7714122EEC9E}.Debug|x64.Build.0 = Debug|x64
		{770907DB-7A5B-4FC4-A082-7714122EEC9E}.Debug|x86.ActiveCfg = Debug|Win32
		{770907DB-7A5B-4FC4-A082-7714122EEC9E}.Debug|x86.Build.0 = Debug|Win32
		{770907DB-7A5B-4FC4-A082-7714122EEC9E}.Release|x64.ActiveCfg = Release|x64
		{770907DB-7A5B-4FC4-A082-7714122EEC9E}.Release|x64.Build.0 = Release|x64
		{770907DB-7A5B-4FC4-A082-7714122EEC9E}.Release|x86.ActiveCfg = Release|Win32
		{770907DB-7A5B-4FC4-A082-7714122EEC9E}.Release|x86.Build.0 = Release|Win32
		{D47DB8BA-D5C2-4B17-A000-307F38D54AAB}.Debug|x64.ActiveCfg = Debug|x64
		{D47DB8BA-D5C2-4B17-A000-307F38D54AAB}.Debug|x64.Build.0 = Debug|x64
		{D47DB8BA-D5C2-4B17-A000-307F38D54AAB}.Debug|x86.ActiveCfg = Debug|Win32
		{D47DB8BA-D5C2-4B17-A000-307F38D54AAB}.Debug|x86.Build.0 = Debug|Win32
		{D47DB8BA-D5C2-4B17-A000-307F38D54AAB}.Release|x64.ActiveCfg = Release|x64
		{D47DB8BA-D5C2-4B17-A000-307F38D54AAB}.Release|x64.Build.0 = Release|x64
		{D47DB8BA-D5C2-4B17-A000-307F38D54AAB}.Release|x86.ActiveCfg = Release|Win32
		{D47DB8BA-D5C2-4B17-A000-307F38D54AAB}.Release|x86.Build.0 = Release|Win32
		{59ED841D-7A3B-4069-8CE8-EEE3A3FBF0F5}.Debug|x64.ActiveCfg = Debug|x64
		{59ED841D-7A3B-4069-8CE8-EEE3A3FBF0F5}.Debug|x64.Build.0 = Debug|x64
		{59ED841D-7A3B-4069-8CE8-EEE3A3FBF0F5}.Debug|x86.ActiveCfg = Debug|Win32
		{59ED841D-7A3B-4069-8CE8-EEE3A3FBF0F5}.Debug|x86.Build.0 = Debug|Win32
		{59ED841D-7A3B-4069-8CE8-EEE3A3FBF0F5}.Release|x64.ActiveCfg = Release|x64
		{59ED841D-7A3B-4069-8CE8-EEE3A3FBF0F5}.Release|x64.Build.0 = Release|x64
		{59ED841D-7A3B-4069-8CE8-EEE3A3FBF0F5}.Release|x86.ActiveCfg = Release|Win32
		{59ED841D-7A3B-4069-8CE8-EEE3A3FBF0F5}.Release|x86.Build.0 = Release|Win32
		{3996898A-FCA7-40FF-8A94-2B01755D0FA4}.Debug|x64.ActiveCfg = Debug|x64
		{3996898A-FCA7-40FF-8A94-2B01755D0FA4}.Debug|x64.Build.0 = Debug|x64
		{3996898A-FCA7-40FF-8A94-2B01755D0FA4}.Debug|x86.ActiveCfg = Debug|Win32
		{3996898A-FCA7-40FF-8A94-2B01755D0FA4}.Debug|x86.Build.0 = Debug|Win32
		{3996898A-FCA7-40FF-8A94-2B01755D0FA4}.Release|x64.ActiveCfg = Release|x64
		{3996898A-FCA7-40FF-8A94-2B01755D0FA4}.Release|x64.Build.0 = Release|x64
		{3996898A-FCA7-40FF-8A94-2B01755D0FA4}.Release|x86.ActiveCfg = Release|Win32
		{3996898A-FCA7-40FF-8A94-2B01755D0FA4}.Release|x86.Build.0 = Release|Win32
		{B44FD4B6-BEBE-4B1C-9FFC-F18CF23ABC46}.Debug|x64.ActiveCfg = Debug|x64
		{B44FD4B6-BEBE-4B1C-9FFC-F18CF23ABC46}.Debug|x64.Build.0 = Debug|x64
		{B44FD4B6-BEBE-4B1C-9FFC-F18CF23ABC46}.Debug|x86.ActiveCfg = Debug|Win32
		{B44FD4B6-BEBE-4B1C-9FFC-F18CF23ABC46}.Debug|x86.Build.0 = Debug|Win32
		{B44FD4B6-BEBE-4B1C-9FFC-F18CF23ABC46}.Release|x64.ActiveCfg = Release|x64
		{B44FD4B6-BEBE-4B1C-9FFC-F18CF23ABC46}.Release|x64.Build.0 = Release|x64
		{B44FD4B6-BEBE-4B1C-9FFC-F18CF23ABC46}.Release|x86.ActiveCfg = Release|Win32
		{B44FD4B6-BEBE-4B1C-9FFC-F18CF23ABC46}.Release|x86.Build.0 = Release|Win32
		{28B2C520-9C0C-4C7B-8784-00D7E2F7AC40}.Debug|x64.ActiveCfg = Debug|x64
		{28B2C520-9C0C-4C7B-8784-00D7E2F7AC40}.Debug|x64.Build.0 = Debug|x64
		{28B2C520-9C0C-4C7B-8784-00D7E2F7AC40}.Debug|x86.ActiveCfg = Debug|Win32
		{28B2C520-9C0C-4C7B-8784-00D7E2F7AC40}.Debug|x86.Build.0 = Debug|Win32
		{28B2C520-9C0C-4C7B-8784-00D7E2F7AC40}.Release|x64.ActiveCfg = Release|x64
		{28B2C520-9C0C-4C7B-8784-00D7E2F7AC40}.Release|x64.Build.0 = Release|x64
		{28B2C520-9C0C-4C7B-8784-00D7E2F7AC40}.Release|x86.ActiveCfg = Release|Win32
		{28B2C520-9C0C-4C7B-8784-00D7E2F7AC40}.Release|x86.Build.0 = Release|Win32
		{583BDF02-AE54-4252-A159-9314B82E432C}.Debug|x64.ActiveCfg = Debug|x64
		{583BDF02-AE54-4252-A159-9314B82E432C}.Debug|x64.Build.0 = Debug|x64
		{583BDF02-AE54-4252-A159-9314B82E432C}.Debug|x86.ActiveCfg = Debug|Win32
		{583BDF02-AE54-4252-A159-9314B82E432C}.Debug|x86.Build.0 = Debug|Win32
		{583BDF02-AE54-4252-A159-9314B82E432C}.Release|x64.ActiveCfg = Release|x64
		{583BDF02-AE54-4252-A159-9314B82E432C}.Release|x64.Build.0 = Release|x64
		{583BDF02-AE54-4252-A159-9314B82E432C}.Release|x86.ActiveCfg = Release|Win32
		{583BDF02-AE54-4252-A159-9314B82E432C}.Release|x86.Build.0 = Release|Win32
		{6554CE58-6F91-4315-8B98-933344F6724D}.Debug|x64.ActiveCfg = Debug|x64
		{6554CE58-6F91-4315-8B98-933344F6724D}.Debug|x64.Build.0 = Debug|x64
		{6554CE58-6F91-4315-8B98-933344F6724D}.Debug|x86.ActiveCfg = Debug|Win32
		{6554CE58-6F91-4315-8B98-933344F6724D}.Debug|x86.Build.0 = Debug|Win32
		{6554CE58-6F91-4315-8B98-933344F6724D}.Release|x64.ActiveCfg = Release|x64
		{6554CE58-6F91-4315-8B98-933344F6724D}.Release|x64.Build.0 = Release|x64
		{6554CE58-6F91-4315-8B98-933344F6724D}.Release|x86.ActiveCfg = Release|Win32
		{6554CE58-6F91-4315-8B98-933344F6724D}.Release|x86.Build.0 = Release|Win32
		{0FFFA89B-A565-41BF-BB48-907F6CE4CE76}.Debug|x64.ActiveCfg = Debug|x64
		{0FFFA89B-A565-41BF-BB48-907F6CE4CE76}.Debug|x64.Build.0 = Debug|x64
		{0FFFA89B-A565-41BF-BB48-907F6CE4CE76}.Debug|x86.ActiveCfg = Debug|Win32
		{0FFFA89B-A565-41BF-BB48-907F6CE4CE76}.Debug|x86.Build.0 = Debug|Win32
		{0FFFA89B-A565-41BF-BB48-907F6CE4CE76}.Release|x64.ActiveCfg = Release|x64
		{0FFFA89B-A565-41BF-BB48-907F6CE4CE76}.Release|x64.Build.0 = Release|x64
		{0FFFA89B-A565-41BF-BB48-907F6CE4CE76}.Release|x86.ActiveCfg = Release|Win32
		{0FFFA89B-A565-41BF-BB48-907F6CE4CE76}.Release|x86.Build.0 = Release|Win32
		{810D8667-C0DA-4A92-9697-22A43FED4D05}.Debug|x64.ActiveCfg = Debug|x64
		{810D8667-C0DA-4A92-9697-22A43FED4D05}.Debug|x64.Build.0 = Debug|x64
		{810D8667-C0DA-4A92-9697-22A43FED4D05}.Debug|x86.ActiveCfg = Debug|Win32
		{810D8667-C0DA-4A92-9697-22A43FED4D05}.Debug|x86.Build.0 = Debug|Win32
		{810D8667-C0DA-4A92-9697-22A43FED4D05}.Release|x64.ActiveCfg = Release|x64
		{810D8667-C0DA-4A92-9697-22A43FED4D05}.Release|x64.Build.0 = Release|x64
		{810D8667-C0DA-4A92-9697-22A43FED4D05}.Release|x86.ActiveCfg = Release|Win32
		{810D8667-C0DA-4A92-9697-22A43FED4D05}.Release|x86.Build.0 = Release|Win32
		{D4E0A9F1-DE1B-4CAA-BBC2-089AEAB970E6}.Debug|x64.ActiveCfg = Debug|x64
		{D4E0A9F1-DE1B-4CAA-BBC2-089AEAB970E6}.Debug|x64.Build.0 = Debug|x64
		{D4E0A9F1-DE1B-4CAA-BBC2-089AEAB970E6}.Debug|x86.ActiveCfg = Debug|Win32
		{D4E0A9F1-DE1B-4CAA-BBC2-089AEAB970E6}.Debug|x86.Build.0 = Debug|Win32
		{D4E0A9F1-DE1B-4CAA-BBC2-089AEAB970E6}.Release|x64.ActiveCfg = Release|x64
		{D4E0A9F1-DE1B-4CAA-BBC2-089AEAB970E6}.Release|x64.Build.0 = Release|x64
		{D4E0A9F1-DE1B-4CAA-BBC2-089AEAB970E6}.Release|x86.ActiveCfg = Release|Win32
		{D4E0A9F1-DE1B-4CAA-BBC2-089AEAB970E6}.Release|x86.Build.0 = Release|Win32
		{2280C343-50F9-4860-ACEC-4F2C9BD3230E}.Debug|x64.ActiveCfg = Debug|x64
		{2280C343-50F9-4860-ACEC-4F2C9BD3230E}.Debug|x64.Build.0 = Debug|x64
		{2280C343-50F9-4860-ACEC-4F2C9BD3230E}.Debug|x86.ActiveCfg = Debug|Win32
		{2280C343-50F9-4860-ACEC-4F2C9BD3230E}.Debug|x86.Build.0 = Debug|Win32
		{2280C343-50F9-4860-ACEC-4F2C9BD3230E}.Release|x64.ActiveCfg = Release|x64
		{2280C343-50F9-4860-ACEC-4F2C9BD3230E}.Release|x64.Build.0 = Release|x64
		{2280C343-50F9-4860-ACEC-4F2C9BD3230E}.Release|x86.ActiveCfg = Release|Win32
		{2280C343-50F9-4860-ACEC-4F2C9BD3230E}.Release|x86.Build.0 = Release|Win32
		{3DDAA274-AA16-4F8F-9988-CC56E0083414}.Debug|x64.ActiveCfg = Debug|x64
		{3DDAA274-AA16-4F8F-9988-CC56E0083414}.Debug|x64.Build.0 = Debug|x64
		{3DDAA274-AA16-4F8F-9988-CC56E0083414}.Debug|x86.ActiveCfg = Debug|Win32
		{3DDAA274-AA16-4F8F-9988-CC56E0083414}.Debug|x86.Build.0 = Debug|Win32
		{3DDAA274-AA16-4F8F-9988-CC56E0083414}.Release|x64.ActiveCfg = Release|x64
		{3DDAA274-AA16-4F8F-9988-CC56E0083414}.Release|x64.Build.0 = Release|x64
		{3DDAA274-AA16-4F8F-9988-CC56E0083414}.Release|x86.ActiveCfg = Release|Win32
		{3DDAA274-AA16-4F8F-9988-CC56E0083414}.Release|x86.Build.0 = Release|Win32
		{7DD527B7-13AB-4AEB-9ACB-B9C60286054B}.Debug|x64.ActiveCfg = Debug|x64
		{7DD527B7-13AB-4AEB-9ACB-B9C60286054B}.Debug|x64.Build.0 = Debug|x64
		{7DD527B7-13AB-4AEB-9ACB-B9C60286054B}.Debug|x86.ActiveCfg = Debug|Win32
		{7DD527B7-13AB-4AEB-9ACB-B9C60286054B}.Debug|x86.Build.0 = Debug|Win32
		{7DD527B7-13AB-4AEB-9ACB-B9C60286054B}.Release|x64.ActiveCfg = Release|x64
		{7DD527B7-13AB-4AEB-9ACB-B9C60286054B}.Release|x64.Build.0 = Release|x64
		{7DD527B7-13AB-4AEB-9ACB-B9C60286054B}.Release|x86.ActiveCfg = Release|Win32
		{7DD527B7-13AB-4AEB-9ACB-B9C60286054B}.Release|x86.Build.0 = Release|Win32
		{BFCB1747-3C7B-4F71-9741-75AA4E1E904C}.Debug|x64.ActiveCfg = Debug|x64
		{BFCB1747-3C7B-4F71-9741-75AA4E1E904C}.Debug|x64.Build.0 = Debug|x64
		{BFCB1747-3C7B-4F71-9741-75AA4E1E904C}.Debug|x86.ActiveCfg = Debug|Win32
		{BFCB1747-3C7B-4F71-9741-75AA4E1E904C}.Debug|x86.Build.0 = Debug|Win32
		{BFCB1747-3C7B-4F71-9741-75AA4E1E904C}.Release|x64.ActiveCfg = Release|x64
		{BFCB1747-3C7B-4F71-9741-75AA4E1E904C}.Release|x64.Build.0 = Release|x64
		{BFCB1747-3C7B-4F71-9741-75AA4E1E904C}.Release|x86.ActiveCfg = Release|Win32
		{BFCB1747-3C7B-4F71-9741-75AA4E1E904C}.Release|x86.Build.0 = Release|Win32
	EndGlobalSection
	GlobalSection(SolutionProperties) = preSolution
		HideSolutionNode = FALSE
	EndGlobalSection
	GlobalSection(NestedProjects) = preSolution
		{0FFFA89B-A565-41BF-BB48-907F6CE4CE76} = {7CF9ACE8-8983-4991-88A5-61A933FA822E}
		{810D8667-C0DA-4A92-9697-22A43FED4D05} = {7CF9ACE8-8983-4991-88A5-61A933FA822E}
		{7DD527B7-13AB-4AEB-9ACB-B9C60286054B} = {6C737662-DE97-479A-ABB4-A629EA4C44BB}
		{BFCB1747-3C7B-4F71-9741-75AA4E1E904C} = {6C737662-DE97-479A-ABB4-A629EA4C44BB}
	EndGlobalSection
	GlobalSection(ExtensibilityGlobals) = postSolution
		SolutionGuid = {A1AA9A7C-BAE3-4753-8AAC-C0087C23D8A5}
	EndGlobalSection
EndGlobal
